
Microsoft Visual Studio Solution File, Format Version 12.00
# Visual Studio 15
VisualStudioVersion = 15.0.26403.7
MinimumVisualStudioVersion = 10.0.40219.1
Project("{FAE04EC0-301F-11D3-BF4B-00C04F79EFBC}") = "Console", "Console\Console.csproj", "{5FF71CB4-BB00-4B79-9540-EE40C846210A}"
EndProject
Project("{FAE04EC0-301F-11D3-BF4B-00C04F79EFBC}") = "GameLogic", "GameLogic\GameLogic.csproj", "{A36EB06B-337C-4BF5-B655-1200D374566A}"
EndProject
Project("{FAE04EC0-301F-11D3-BF4B-00C04F79EFBC}") = "Library", "Utility\Library.csproj", "{D62013BA-4663-4657-9FBA-97D6B1776F3C}"
EndProject
Project("{FAE04EC0-301F-11D3-BF4B-00C04F79EFBC}") = "DataDefine", "DataDefine\DataDefine.csproj", "{EE4FD0B5-AD5A-4F99-93D0-2A81D8DEB403}"
EndProject
Project("{FAE04EC0-301F-11D3-BF4B-00C04F79EFBC}") = "Synchronization", "Synchronization\Synchronization.csproj", "{71B3C1BC-00CB-4994-9775-F8B940C81CCA}"
EndProject
Project("{FAE04EC0-301F-11D3-BF4B-00C04F79EFBC}") = "Synchronization.Tests1", "Synchronization.Tests1\Synchronization.Tests1.csproj", "{65F62E8B-7C9B-46E3-A2C6-840B6DA6E485}"
EndProject
Project("{FAE04EC0-301F-11D3-BF4B-00C04F79EFBC}") = "SyncLocal", "SyncLocal\SyncLocal.csproj", "{8050FA1D-C949-4F99-84BC-C498993C7A30}"
EndProject
Project("{FAE04EC0-301F-11D3-BF4B-00C04F79EFBC}") = "Serialization", "Serialization\Serialization.csproj", "{5B109BA4-3F4C-44FD-87A6-96C8AD6CDD5A}"
EndProject
Project("{FAE04EC0-301F-11D3-BF4B-00C04F79EFBC}") = "Protocol", "Protocol\Protocol.csproj", "{546258FF-3C0E-4403-9E59-0E4E5D6689A4}"
EndProject
Project("{FAE04EC0-301F-11D3-BF4B-00C04F79EFBC}") = "ProtocolBuilder", "ProtocolBuilder\ProtocolBuilder.csproj", "{40630BB8-1E0D-473D-8E2B-1B3BEA65703F}"
EndProject
Global
	GlobalSection(SolutionConfigurationPlatforms) = preSolution
		Debug|Any CPU = Debug|Any CPU
		Release|Any CPU = Release|Any CPU
	EndGlobalSection
	GlobalSection(ProjectConfigurationPlatforms) = postSolution
		{5FF71CB4-BB00-4B79-9540-EE40C846210A}.Debug|Any CPU.ActiveCfg = Debug|Any CPU
		{5FF71CB4-BB00-4B79-9540-EE40C846210A}.Debug|Any CPU.Build.0 = Debug|Any CPU
		{5FF71CB4-BB00-4B79-9540-EE40C846210A}.Release|Any CPU.ActiveCfg = Release|Any CPU
		{5FF71CB4-BB00-4B79-9540-EE40C846210A}.Release|Any CPU.Build.0 = Release|Any CPU
		{A36EB06B-337C-4BF5-B655-1200D374566A}.Debug|Any CPU.ActiveCfg = Debug|Any CPU
		{A36EB06B-337C-4BF5-B655-1200D374566A}.Debug|Any CPU.Build.0 = Debug|Any CPU
		{A36EB06B-337C-4BF5-B655-1200D374566A}.Release|Any CPU.ActiveCfg = Release|Any CPU
		{A36EB06B-337C-4BF5-B655-1200D374566A}.Release|Any CPU.Build.0 = Release|Any CPU
		{D62013BA-4663-4657-9FBA-97D6B1776F3C}.Debug|Any CPU.ActiveCfg = Debug|Any CPU
		{D62013BA-4663-4657-9FBA-97D6B1776F3C}.Debug|Any CPU.Build.0 = Debug|Any CPU
		{D62013BA-4663-4657-9FBA-97D6B1776F3C}.Release|Any CPU.ActiveCfg = Release|Any CPU
		{D62013BA-4663-4657-9FBA-97D6B1776F3C}.Release|Any CPU.Build.0 = Release|Any CPU
		{EE4FD0B5-AD5A-4F99-93D0-2A81D8DEB403}.Debug|Any CPU.ActiveCfg = Debug|Any CPU
		{EE4FD0B5-AD5A-4F99-93D0-2A81D8DEB403}.Debug|Any CPU.Build.0 = Debug|Any CPU
		{EE4FD0B5-AD5A-4F99-93D0-2A81D8DEB403}.Release|Any CPU.ActiveCfg = Release|Any CPU
		{EE4FD0B5-AD5A-4F99-93D0-2A81D8DEB403}.Release|Any CPU.Build.0 = Release|Any CPU
		{71B3C1BC-00CB-4994-9775-F8B940C81CCA}.Debug|Any CPU.ActiveCfg = Debug|Any CPU
		{71B3C1BC-00CB-4994-9775-F8B940C81CCA}.Debug|Any CPU.Build.0 = Debug|Any CPU
		{71B3C1BC-00CB-4994-9775-F8B940C81CCA}.Release|Any CPU.ActiveCfg = Release|Any CPU
		{71B3C1BC-00CB-4994-9775-F8B940C81CCA}.Release|Any CPU.Build.0 = Release|Any CPU
		{65F62E8B-7C9B-46E3-A2C6-840B6DA6E485}.Debug|Any CPU.ActiveCfg = Debug|Any CPU
		{65F62E8B-7C9B-46E3-A2C6-840B6DA6E485}.Debug|Any CPU.Build.0 = Debug|Any CPU
		{65F62E8B-7C9B-46E3-A2C6-840B6DA6E485}.Release|Any CPU.ActiveCfg = Release|Any CPU
		{65F62E8B-7C9B-46E3-A2C6-840B6DA6E485}.Release|Any CPU.Build.0 = Release|Any CPU
		{8050FA1D-C949-4F99-84BC-C498993C7A30}.Debug|Any CPU.ActiveCfg = Debug|Any CPU
		{8050FA1D-C949-4F99-84BC-C498993C7A30}.Debug|Any CPU.Build.0 = Debug|Any CPU
		{8050FA1D-C949-4F99-84BC-C498993C7A30}.Release|Any CPU.ActiveCfg = Release|Any CPU
		{8050FA1D-C949-4F99-84BC-C498993C7A30}.Release|Any CPU.Build.0 = Release|Any CPU
		{5B109BA4-3F4C-44FD-87A6-96C8AD6CDD5A}.Debug|Any CPU.ActiveCfg = Debug|Any CPU
		{5B109BA4-3F4C-44FD-87A6-96C8AD6CDD5A}.Debug|Any CPU.Build.0 = Debug|Any CPU
		{5B109BA4-3F4C-44FD-87A6-96C8AD6CDD5A}.Release|Any CPU.ActiveCfg = Release|Any CPU
		{5B109BA4-3F4C-44FD-87A6-96C8AD6CDD5A}.Release|Any CPU.Build.0 = Release|Any CPU
		{546258FF-3C0E-4403-9E59-0E4E5D6689A4}.Debug|Any CPU.ActiveCfg = Debug|Any CPU
		{546258FF-3C0E-4403-9E59-0E4E5D6689A4}.Debug|Any CPU.Build.0 = Debug|Any CPU
		{546258FF-3C0E-4403-9E59-0E4E5D6689A4}.Release|Any CPU.ActiveCfg = Release|Any CPU
		{546258FF-3C0E-4403-9E59-0E4E5D6689A4}.Release|Any CPU.Build.0 = Release|Any CPU
		{40630BB8-1E0D-473D-8E2B-1B3BEA65703F}.Debug|Any CPU.ActiveCfg = Debug|Any CPU
		{40630BB8-1E0D-473D-8E2B-1B3BEA65703F}.Debug|Any CPU.Build.0 = Debug|Any CPU
		{40630BB8-1E0D-473D-8E2B-1B3BEA65703F}.Release|Any CPU.ActiveCfg = Release|Any CPU
		{40630BB8-1E0D-473D-8E2B-1B3BEA65703F}.Release|Any CPU.Build.0 = Release|Any CPU
	EndGlobalSection
	GlobalSection(SolutionProperties) = preSolution
		HideSolutionNode = FALSE
	EndGlobalSection
EndGlobal
